
Microsoft Visual Studio Solution File, Format Version 12.00
# Visual Studio Version 17
VisualStudioVersion = 17.7.34024.191
MinimumVisualStudioVersion = 10.0.40219.1
Project("{9A19103F-16F7-4668-BE54-9A1E7A4F7556}") = "FormulaEvaluator", "FormulaEvaluator\FormulaEvaluator.csproj", "{75BDBA30-2956-4D06-9DF6-03D1C118E95C}"
EndProject
Project("{9A19103F-16F7-4668-BE54-9A1E7A4F7556}") = "DependencyGraph", "DependencyGraph\DependencyGraph.csproj", "{411C0FED-10D9-416D-B14A-6C421149DB0F}"
EndProject
Project("{2150E333-8FDC-42A3-9474-1A3956D46DE8}") = "SolutionFolder", "SolutionFolder", "{32943D5A-0839-44F4-BA37-97B72FEBB980}"
	ProjectSection(SolutionItems) = preProject
		Whiteboard\dependency_graph_whiteboard.jpeg = Whiteboard\dependency_graph_whiteboard.jpeg
		Whiteboard\formula_whiteboard.jpeg = Whiteboard\formula_whiteboard.jpeg
		README.md = README.md
		Whiteboard\spreadsheet_whiteboard.jpeg = Whiteboard\spreadsheet_whiteboard.jpeg
	EndProjectSection
EndProject
Project("{9A19103F-16F7-4668-BE54-9A1E7A4F7556}") = "DependencyGraphTest", "DependencyGraphTest\DependencyGraphTest.csproj", "{33A11C3A-5ABC-4BE1-A778-363BAFD54AD1}"
EndProject
Project("{9A19103F-16F7-4668-BE54-9A1E7A4F7556}") = "Formula", "Formula\Formula.csproj", "{AED71B29-5951-4568-A9A8-CAED894678BE}"
EndProject
Project("{9A19103F-16F7-4668-BE54-9A1E7A4F7556}") = "FormulaTest", "FormulaTest\FormulaTest.csproj", "{E4E6A385-A5E4-4876-B3F3-CC8B850C9381}"
EndProject
Project("{9A19103F-16F7-4668-BE54-9A1E7A4F7556}") = "SpreadsheetTests", "SpreadsheetTests\SpreadsheetTests.csproj", "{29BA2EF8-3313-4D03-8D89-578AE5806871}"
EndProject
Project("{9A19103F-16F7-4668-BE54-9A1E7A4F7556}") = "Spreadsheet", "Spreadsheet\Spreadsheet.csproj", "{D51857A7-585F-44C8-806C-3E27328D7406}"
EndProject
Project("{FAE04EC0-301F-11D3-BF4B-00C04F79EFBC}") = "GUI", "GUI\GUI.csproj", "{F5AD2FC1-2D5F-4E7E-90DA-A0A69919E182}"
EndProject
Global
	GlobalSection(SolutionConfigurationPlatforms) = preSolution
		Debug|Any CPU = Debug|Any CPU
		Release|Any CPU = Release|Any CPU
	EndGlobalSection
	GlobalSection(ProjectConfigurationPlatforms) = postSolution
		{75BDBA30-2956-4D06-9DF6-03D1C118E95C}.Debug|Any CPU.ActiveCfg = Debug|Any CPU
		{75BDBA30-2956-4D06-9DF6-03D1C118E95C}.Debug|Any CPU.Build.0 = Debug|Any CPU
		{75BDBA30-2956-4D06-9DF6-03D1C118E95C}.Release|Any CPU.ActiveCfg = Release|Any CPU
		{75BDBA30-2956-4D06-9DF6-03D1C118E95C}.Release|Any CPU.Build.0 = Release|Any CPU
		{411C0FED-10D9-416D-B14A-6C421149DB0F}.Debug|Any CPU.ActiveCfg = Debug|Any CPU
		{411C0FED-10D9-416D-B14A-6C421149DB0F}.Debug|Any CPU.Build.0 = Debug|Any CPU
		{411C0FED-10D9-416D-B14A-6C421149DB0F}.Release|Any CPU.ActiveCfg = Release|Any CPU
		{411C0FED-10D9-416D-B14A-6C421149DB0F}.Release|Any CPU.Build.0 = Release|Any CPU
		{33A11C3A-5ABC-4BE1-A778-363BAFD54AD1}.Debug|Any CPU.ActiveCfg = Debug|Any CPU
		{33A11C3A-5ABC-4BE1-A778-363BAFD54AD1}.Debug|Any CPU.Build.0 = Debug|Any CPU
		{33A11C3A-5ABC-4BE1-A778-363BAFD54AD1}.Release|Any CPU.ActiveCfg = Release|Any CPU
		{33A11C3A-5ABC-4BE1-A778-363BAFD54AD1}.Release|Any CPU.Build.0 = Release|Any CPU
		{AED71B29-5951-4568-A9A8-CAED894678BE}.Debug|Any CPU.ActiveCfg = Debug|Any CPU
		{AED71B29-5951-4568-A9A8-CAED894678BE}.Debug|Any CPU.Build.0 = Debug|Any CPU
		{AED71B29-5951-4568-A9A8-CAED894678BE}.Release|Any CPU.ActiveCfg = Release|Any CPU
		{AED71B29-5951-4568-A9A8-CAED894678BE}.Release|Any CPU.Build.0 = Release|Any CPU
		{E4E6A385-A5E4-4876-B3F3-CC8B850C9381}.Debug|Any CPU.ActiveCfg = Debug|Any CPU
		{E4E6A385-A5E4-4876-B3F3-CC8B850C9381}.Debug|Any CPU.Build.0 = Debug|Any CPU
		{E4E6A385-A5E4-4876-B3F3-CC8B850C9381}.Release|Any CPU.ActiveCfg = Release|Any CPU
		{E4E6A385-A5E4-4876-B3F3-CC8B850C9381}.Release|Any CPU.Build.0 = Release|Any CPU
		{29BA2EF8-3313-4D03-8D89-578AE5806871}.Debug|Any CPU.ActiveCfg = Debug|Any CPU
		{29BA2EF8-3313-4D03-8D89-578AE5806871}.Debug|Any CPU.Build.0 = Debug|Any CPU
		{29BA2EF8-3313-4D03-8D89-578AE5806871}.Release|Any CPU.ActiveCfg = Release|Any CPU
		{29BA2EF8-3313-4D03-8D89-578AE5806871}.Release|Any CPU.Build.0 = Release|Any CPU
		{D51857A7-585F-44C8-806C-3E27328D7406}.Debug|Any CPU.ActiveCfg = Debug|Any CPU
		{D51857A7-585F-44C8-806C-3E27328D7406}.Debug|Any CPU.Build.0 = Debug|Any CPU
		{D51857A7-585F-44C8-806C-3E27328D7406}.Release|Any CPU.ActiveCfg = Release|Any CPU
		{D51857A7-585F-44C8-806C-3E27328D7406}.Release|Any CPU.Build.0 = Release|Any CPU
		{F5AD2FC1-2D5F-4E7E-90DA-A0A69919E182}.Debug|Any CPU.ActiveCfg = Debug|Any CPU
		{F5AD2FC1-2D5F-4E7E-90DA-A0A69919E182}.Debug|Any CPU.Build.0 = Debug|Any CPU
		{F5AD2FC1-2D5F-4E7E-90DA-A0A69919E182}.Release|Any CPU.ActiveCfg = Release|Any CPU
		{F5AD2FC1-2D5F-4E7E-90DA-A0A69919E182}.Release|Any CPU.Build.0 = Release|Any CPU
	EndGlobalSection
	GlobalSection(SolutionProperties) = preSolution
		HideSolutionNode = FALSE
	EndGlobalSection
	GlobalSection(ExtensibilityGlobals) = postSolution
		SolutionGuid = {265C165C-2578-480F-9C3D-A2C81505EFFF}
	EndGlobalSection
EndGlobal
