
Microsoft Visual Studio Solution File, Format Version 12.00
# Visual Studio Version 17
VisualStudioVersion = 17.7.34024.191
MinimumVisualStudioVersion = 10.0.40219.1
Project("{9A19103F-16F7-4668-BE54-9A1E7A4F7556}") = "FormulaEvaluator", "FormulaEvaluator\FormulaEvaluator.csproj", "{75BDBA30-2956-4D06-9DF6-03D1C118E95C}"
EndProject
Project("{9A19103F-16F7-4668-BE54-9A1E7A4F7556}") = "Test_The_Evaluator_Console_App", "Test_The_Evaluator_Console_App\Test_The_Evaluator_Console_App.csproj", "{E145A1B7-8754-401E-9778-956069FF6079}"
EndProject
Project("{9A19103F-16F7-4668-BE54-9A1E7A4F7556}") = "DependencyGraph", "DependencyGraph\DependencyGraph.csproj", "{7E804782-8105-427A-8C19-E6262C4FB78B}"
EndProject
Project("{FAE04EC0-301F-11D3-BF4B-00C04F79EFBC}") = "DependencyGraphTest", "DependencyGraphTest\DependencyGraphTest.csproj", "{EB681176-2E55-4BD7-AA28-A3D1E1521A1B}"
EndProject
Global
	GlobalSection(SolutionConfigurationPlatforms) = preSolution
		Debug|Any CPU = Debug|Any CPU
		Release|Any CPU = Release|Any CPU
	EndGlobalSection
	GlobalSection(ProjectConfigurationPlatforms) = postSolution
		{75BDBA30-2956-4D06-9DF6-03D1C118E95C}.Debug|Any CPU.ActiveCfg = Debug|Any CPU
		{75BDBA30-2956-4D06-9DF6-03D1C118E95C}.Debug|Any CPU.Build.0 = Debug|Any CPU
		{75BDBA30-2956-4D06-9DF6-03D1C118E95C}.Release|Any CPU.ActiveCfg = Release|Any CPU
		{75BDBA30-2956-4D06-9DF6-03D1C118E95C}.Release|Any CPU.Build.0 = Release|Any CPU
		{E145A1B7-8754-401E-9778-956069FF6079}.Debug|Any CPU.ActiveCfg = Debug|Any CPU
		{E145A1B7-8754-401E-9778-956069FF6079}.Debug|Any CPU.Build.0 = Debug|Any CPU
		{E145A1B7-8754-401E-9778-956069FF6079}.Release|Any CPU.ActiveCfg = Release|Any CPU
		{E145A1B7-8754-401E-9778-956069FF6079}.Release|Any CPU.Build.0 = Release|Any CPU
		{7E804782-8105-427A-8C19-E6262C4FB78B}.Debug|Any CPU.ActiveCfg = Debug|Any CPU
		{7E804782-8105-427A-8C19-E6262C4FB78B}.Debug|Any CPU.Build.0 = Debug|Any CPU
		{7E804782-8105-427A-8C19-E6262C4FB78B}.Release|Any CPU.ActiveCfg = Release|Any CPU
		{7E804782-8105-427A-8C19-E6262C4FB78B}.Release|Any CPU.Build.0 = Release|Any CPU
		{EB681176-2E55-4BD7-AA28-A3D1E1521A1B}.Debug|Any CPU.ActiveCfg = Debug|Any CPU
		{EB681176-2E55-4BD7-AA28-A3D1E1521A1B}.Debug|Any CPU.Build.0 = Debug|Any CPU
		{EB681176-2E55-4BD7-AA28-A3D1E1521A1B}.Release|Any CPU.ActiveCfg = Release|Any CPU
		{EB681176-2E55-4BD7-AA28-A3D1E1521A1B}.Release|Any CPU.Build.0 = Release|Any CPU
	EndGlobalSection
	GlobalSection(SolutionProperties) = preSolution
		HideSolutionNode = FALSE
	EndGlobalSection
	GlobalSection(ExtensibilityGlobals) = postSolution
		SolutionGuid = {265C165C-2578-480F-9C3D-A2C81505EFFF}
	EndGlobalSection
EndGlobal
